<?xml version="1.0" encoding="utf-8"?>
<Project ToolsVersion="4.0" xmlns="http://schemas.microsoft.com/developer/msbuild/2003">
  <ItemGroup>
    <Filter Include="소스 파일">
      <UniqueIdentifier>{4FC737F1-C7A5-4376-A066-2A32D752A2FF}</UniqueIdentifier>
      <Extensions>cpp;c;cc;cxx;c++;cppm;ixx;def;odl;idl;hpj;bat;asm;asmx</Extensions>
    </Filter>
    <Filter Include="리소스 파일">
      <UniqueIdentifier>{67DA6AB6-F800-4c08-8B7A-83BB121AAD01}</UniqueIdentifier>
      <Extensions>rc;ico;cur;bmp;dlg;rc2;rct;bin;rgs;gif;jpg;jpeg;jpe;resx;tiff;tif;png;wav;mfcribbon-ms</Extensions>
    </Filter>
    <Filter Include="소스 파일\99. Headers">
      <UniqueIdentifier>{efc635dd-18dc-4bde-8c4d-7703d1a61a54}</UniqueIdentifier>
    </Filter>
    <Filter Include="소스 파일\99. Headers\Default">
      <UniqueIdentifier>{6ec62c81-9fe2-4207-b4d1-2517f206c353}</UniqueIdentifier>
    </Filter>
    <Filter Include="소스 파일\00. MainGame">
      <UniqueIdentifier>{d295f0df-1fa1-4f98-b08c-155415fe82e3}</UniqueIdentifier>
    </Filter>
    <Filter Include="소스 파일\01. Manager">
      <UniqueIdentifier>{4fe3d4b4-c77f-4dd5-8794-d78601959cf5}</UniqueIdentifier>
    </Filter>
    <Filter Include="소스 파일\02. Scene">
      <UniqueIdentifier>{0b64c33f-333f-4c54-8822-852e9dd19b35}</UniqueIdentifier>
    </Filter>
    <Filter Include="소스 파일\03. Objects">
      <UniqueIdentifier>{fd093b8b-169d-4639-a62d-56a7881614b5}</UniqueIdentifier>
    </Filter>
    <Filter Include="소스 파일\03. Objects\Game">
      <UniqueIdentifier>{0519cf0b-0cf9-4442-a5d6-f6741b07d70e}</UniqueIdentifier>
    </Filter>
    <Filter Include="소스 파일\04. Resources">
      <UniqueIdentifier>{c953532e-a2c0-4207-a88e-46786003d647}</UniqueIdentifier>
    </Filter>
    <Filter Include="소스 파일\03. Objects\Unreal">
      <UniqueIdentifier>{d3500d80-236a-43bf-ac74-425a2648cc3c}</UniqueIdentifier>
    </Filter>
    <Filter Include="소스 파일\05. Component">
      <UniqueIdentifier>{5641e4ff-8df9-4c4c-b86a-54e97d510c29}</UniqueIdentifier>
    </Filter>
    <Filter Include="소스 파일\05. Component\Camera">
      <UniqueIdentifier>{e95e8e67-f1ca-4a36-b140-973097480608}</UniqueIdentifier>
    </Filter>
    <Filter Include="소스 파일\05. Component\Collision">
      <UniqueIdentifier>{e5ef835b-5902-4c73-bbe9-71816b2d2fe1}</UniqueIdentifier>
    </Filter>
    <Filter Include="소스 파일\06. UI">
      <UniqueIdentifier>{5ebb7e13-3437-43de-a4da-b68737391137}</UniqueIdentifier>
    </Filter>
    <Filter Include="소스 파일\03. Objects\Game\Creature">
      <UniqueIdentifier>{c96bed43-60ce-4a04-b44a-4c9cf5cd40d9}</UniqueIdentifier>
    </Filter>
    <Filter Include="소스 파일\03. Objects\Game\Effect">
      <UniqueIdentifier>{fe6dc297-d745-42bd-82bd-edfd31666b84}</UniqueIdentifier>
    </Filter>
    <Filter Include="소스 파일\03. Objects\Game\Projectile">
      <UniqueIdentifier>{e04346c0-81de-4d26-84e9-22df7129525c}</UniqueIdentifier>
    </Filter>
    <Filter Include="소스 파일\Protocol">
      <UniqueIdentifier>{749c4f66-93bc-4562-bb60-ea876c377582}</UniqueIdentifier>
    </Filter>
    <Filter Include="소스 파일\07. Network">
      <UniqueIdentifier>{e3a52af1-7b19-4d05-8ea9-f5e54f889571}</UniqueIdentifier>
    </Filter>
  </ItemGroup>
  <ItemGroup>
    <ClInclude Include="GameCoding\GameCoding.h">
      <Filter>소스 파일\00. MainGame</Filter>
    </ClInclude>
    <ClInclude Include="GameCoding\Game.h">
      <Filter>소스 파일\00. MainGame</Filter>
    </ClInclude>
    <ClInclude Include="GameCoding\CollisionManager.h">
      <Filter>소스 파일\01. Manager</Filter>
    </ClInclude>
    <ClInclude Include="GameCoding\InputManager.h">
      <Filter>소스 파일\01. Manager</Filter>
    </ClInclude>
    <ClInclude Include="GameCoding\ResourceManager.h">
      <Filter>소스 파일\01. Manager</Filter>
    </ClInclude>
    <ClInclude Include="GameCoding\SceneManager.h">
      <Filter>소스 파일\01. Manager</Filter>
    </ClInclude>
    <ClInclude Include="GameCoding\SoundManager.h">
      <Filter>소스 파일\01. Manager</Filter>
    </ClInclude>
    <ClInclude Include="GameCoding\TimeManager.h">
      <Filter>소스 파일\01. Manager</Filter>
    </ClInclude>
    <ClInclude Include="GameCoding\DevScene.h">
      <Filter>소스 파일\02. Scene</Filter>
    </ClInclude>
    <ClInclude Include="GameCoding\Scene.h">
      <Filter>소스 파일\02. Scene</Filter>
    </ClInclude>
    <ClInclude Include="GameCoding\SpriteActor.h">
      <Filter>소스 파일\03. Objects\Unreal</Filter>
    </ClInclude>
    <ClInclude Include="GameCoding\TilemapActor.h">
      <Filter>소스 파일\03. Objects\Unreal</Filter>
    </ClInclude>
    <ClInclude Include="GameCoding\Actor.h">
      <Filter>소스 파일\03. Objects\Unreal</Filter>
    </ClInclude>
    <ClInclude Include="GameCoding\FlipbookActor.h">
      <Filter>소스 파일\03. Objects\Unreal</Filter>
    </ClInclude>
    <ClInclude Include="GameCoding\GameObject.h">
      <Filter>소스 파일\03. Objects\Game</Filter>
    </ClInclude>
    <ClInclude Include="GameCoding\Player.h">
      <Filter>소스 파일\03. Objects\Game\Creature</Filter>
    </ClInclude>
    <ClInclude Include="GameCoding\Creature.h">
      <Filter>소스 파일\03. Objects\Game\Creature</Filter>
    </ClInclude>
    <ClInclude Include="GameCoding\Monster.h">
      <Filter>소스 파일\03. Objects\Game\Creature</Filter>
    </ClInclude>
    <ClInclude Include="GameCoding\HitEffect.h">
      <Filter>소스 파일\03. Objects\Game\Effect</Filter>
    </ClInclude>
    <ClInclude Include="GameCoding\Arrow.h">
      <Filter>소스 파일\03. Objects\Game\Projectile</Filter>
    </ClInclude>
    <ClInclude Include="GameCoding\Projectile.h">
      <Filter>소스 파일\03. Objects\Game\Projectile</Filter>
    </ClInclude>
    <ClInclude Include="GameCoding\ResourceBase.h">
      <Filter>소스 파일\04. Resources</Filter>
    </ClInclude>
    <ClInclude Include="GameCoding\Sound.h">
      <Filter>소스 파일\04. Resources</Filter>
    </ClInclude>
    <ClInclude Include="GameCoding\CameraComponent.h">
      <Filter>소스 파일\05. Component\Camera</Filter>
    </ClInclude>
    <ClInclude Include="GameCoding\SphereCollider.h">
      <Filter>소스 파일\05. Component\Collision</Filter>
    </ClInclude>
    <ClInclude Include="GameCoding\BoxCollider.h">
      <Filter>소스 파일\05. Component\Collision</Filter>
    </ClInclude>
    <ClInclude Include="GameCoding\Collider.h">
      <Filter>소스 파일\05. Component\Collision</Filter>
    </ClInclude>
    <ClInclude Include="GameCoding\Component.h">
      <Filter>소스 파일\05. Component</Filter>
    </ClInclude>
    <ClInclude Include="GameCoding\UI.h">
      <Filter>소스 파일\06. UI</Filter>
    </ClInclude>
    <ClInclude Include="GameCoding\Button.h">
      <Filter>소스 파일\06. UI</Filter>
    </ClInclude>
    <ClInclude Include="GameCoding\Panel.h">
      <Filter>소스 파일\06. UI</Filter>
    </ClInclude>
    <ClInclude Include="GameCoding\targetver.h">
      <Filter>소스 파일\99. Headers\Default</Filter>
    </ClInclude>
    <ClInclude Include="GameCoding\framework.h">
      <Filter>소스 파일\99. Headers\Default</Filter>
    </ClInclude>
    <ClInclude Include="GameCoding\Resource.h">
      <Filter>소스 파일\99. Headers\Default</Filter>
    </ClInclude>
    <ClInclude Include="GameCoding\Types.h">
      <Filter>소스 파일\99. Headers</Filter>
    </ClInclude>
    <ClInclude Include="GameCoding\Utils.h">
      <Filter>소스 파일\99. Headers</Filter>
    </ClInclude>
    <ClInclude Include="GameCoding\Values.h">
      <Filter>소스 파일\99. Headers</Filter>
    </ClInclude>
    <ClInclude Include="GameCoding\Defines.h">
      <Filter>소스 파일\99. Headers</Filter>
    </ClInclude>
    <ClInclude Include="GameCoding\Enums.h">
      <Filter>소스 파일\99. Headers</Filter>
    </ClInclude>
    <ClInclude Include="GameCoding\pch.h">
      <Filter>소스 파일\99. Headers</Filter>
    </ClInclude>
    <ClInclude Include="GameCoding\ClientPacketHandler.h">
      <Filter>소스 파일\07. Network</Filter>
    </ClInclude>
    <ClInclude Include="GameCoding\Struct.pb.h">
      <Filter>소스 파일\Protocol</Filter>
    </ClInclude>
    <ClInclude Include="GameCoding\Enum.pb.h">
      <Filter>소스 파일\Protocol</Filter>
    </ClInclude>
    <ClInclude Include="GameCoding\Protocol.pb.h">
      <Filter>소스 파일\Protocol</Filter>
    </ClInclude>
  </ItemGroup>
  <ItemGroup>
    <ResourceCompile Include="GameCoding.rc">
      <Filter>리소스 파일</Filter>
    </ResourceCompile>
  </ItemGroup>
  <ItemGroup>
    <Image Include="small.ico">
      <Filter>리소스 파일</Filter>
    </Image>
    <Image Include="GameCoding.ico">
      <Filter>리소스 파일</Filter>
    </Image>
  </ItemGroup>
  <ItemGroup>
    <ClCompile Include="GameCoding\GameCoding.cpp">
      <Filter>소스 파일\00. MainGame</Filter>
    </ClCompile>
    <ClCompile Include="GameCoding\Game.cpp">
      <Filter>소스 파일\00. MainGame</Filter>
    </ClCompile>
    <ClCompile Include="GameCoding\CollisionManager.cpp">
      <Filter>소스 파일\01. Manager</Filter>
    </ClCompile>
    <ClCompile Include="GameCoding\InputManager.cpp">
      <Filter>소스 파일\01. Manager</Filter>
    </ClCompile>
    <ClCompile Include="GameCoding\ResourceManager.cpp">
      <Filter>소스 파일\01. Manager</Filter>
    </ClCompile>
    <ClCompile Include="GameCoding\SceneManager.cpp">
      <Filter>소스 파일\01. Manager</Filter>
    </ClCompile>
    <ClCompile Include="GameCoding\SoundManager.cpp">
      <Filter>소스 파일\01. Manager</Filter>
    </ClCompile>
    <ClCompile Include="GameCoding\TimeManager.cpp">
      <Filter>소스 파일\01. Manager</Filter>
    </ClCompile>
    <ClCompile Include="GameCoding\DevScene.cpp">
      <Filter>소스 파일\02. Scene</Filter>
    </ClCompile>
    <ClCompile Include="GameCoding\Scene.cpp">
      <Filter>소스 파일\02. Scene</Filter>
    </ClCompile>
    <ClCompile Include="GameCoding\SpriteActor.cpp">
      <Filter>소스 파일\03. Objects\Unreal</Filter>
    </ClCompile>
    <ClCompile Include="GameCoding\TilemapActor.cpp">
      <Filter>소스 파일\03. Objects\Unreal</Filter>
    </ClCompile>
    <ClCompile Include="GameCoding\Actor.cpp">
      <Filter>소스 파일\03. Objects\Unreal</Filter>
    </ClCompile>
    <ClCompile Include="GameCoding\FlipbookActor.cpp">
      <Filter>소스 파일\03. Objects\Unreal</Filter>
    </ClCompile>
    <ClCompile Include="GameCoding\GameObject.cpp">
      <Filter>소스 파일\03. Objects\Game</Filter>
    </ClCompile>
    <ClCompile Include="GameCoding\Creature.cpp">
      <Filter>소스 파일\03. Objects\Game\Creature</Filter>
    </ClCompile>
    <ClCompile Include="GameCoding\Monster.cpp">
      <Filter>소스 파일\03. Objects\Game\Creature</Filter>
    </ClCompile>
    <ClCompile Include="GameCoding\Player.cpp">
      <Filter>소스 파일\03. Objects\Game\Creature</Filter>
    </ClCompile>
    <ClCompile Include="GameCoding\HitEffect.cpp">
      <Filter>소스 파일\03. Objects\Game\Effect</Filter>
    </ClCompile>
    <ClCompile Include="GameCoding\Arrow.cpp">
      <Filter>소스 파일\03. Objects\Game\Projectile</Filter>
    </ClCompile>
    <ClCompile Include="GameCoding\Projectile.cpp">
      <Filter>소스 파일\03. Objects\Game\Projectile</Filter>
    </ClCompile>
    <ClCompile Include="GameCoding\Sound.cpp">
      <Filter>소스 파일\04. Resources</Filter>
    </ClCompile>
    <ClCompile Include="GameCoding\ResourceBase.cpp">
      <Filter>소스 파일\04. Resources</Filter>
    </ClCompile>
    <ClCompile Include="GameCoding\CameraComponent.cpp">
      <Filter>소스 파일\05. Component\Camera</Filter>
    </ClCompile>
    <ClCompile Include="GameCoding\SphereCollider.cpp">
      <Filter>소스 파일\05. Component\Collision</Filter>
    </ClCompile>
    <ClCompile Include="GameCoding\BoxCollider.cpp">
      <Filter>소스 파일\05. Component\Collision</Filter>
    </ClCompile>
    <ClCompile Include="GameCoding\Collider.cpp">
      <Filter>소스 파일\05. Component\Collision</Filter>
    </ClCompile>
    <ClCompile Include="GameCoding\Component.cpp">
      <Filter>소스 파일\05. Component</Filter>
    </ClCompile>
    <ClCompile Include="GameCoding\Button.cpp">
      <Filter>소스 파일\06. UI</Filter>
    </ClCompile>
    <ClCompile Include="GameCoding\Panel.cpp">
      <Filter>소스 파일\06. UI</Filter>
    </ClCompile>
    <ClCompile Include="GameCoding\UI.cpp">
      <Filter>소스 파일\06. UI</Filter>
    </ClCompile>
    <ClCompile Include="GameCoding\Utils.cpp">
      <Filter>소스 파일\99. Headers</Filter>
    </ClCompile>
    <ClCompile Include="GameCoding\pch.cpp">
      <Filter>소스 파일\99. Headers</Filter>
    </ClCompile>
    <ClCompile Include="GameCoding\Types.cpp">
      <Filter>소스 파일\99. Headers</Filter>
    </ClCompile>
    <ClCompile Include="GameCoding\ClientPacketHandler.cpp">
      <Filter>소스 파일\07. Network</Filter>
    </ClCompile>
    <ClCompile Include="GameCoding\Struct.pb.cc">
      <Filter>소스 파일\Protocol</Filter>
    </ClCompile>
    <ClCompile Include="GameCoding\Enum.pb.cc">
      <Filter>소스 파일\Protocol</Filter>
    </ClCompile>
    <ClCompile Include="GameCoding\Protocol.pb.cc">
      <Filter>소스 파일\Protocol</Filter>
    </ClCompile>
  </ItemGroup>
</Project>